
Microsoft Visual Studio Solution File, Format Version 12.00
# Visual Studio Version 16
VisualStudioVersion = 16.0.32413.511
MinimumVisualStudioVersion = 10.0.40219.1
Project("{FAE04EC0-301F-11D3-BF4B-00C04F79EFBC}") = "ConsoleApp5", "ConsoleApp5\ConsoleApp5.csproj", "{31C026DA-D0D7-42E9-8E2C-3CF413A33960}"
EndProject
Global
	GlobalSection(SolutionConfigurationPlatforms) = preSolution
		Debug|Any CPU = Debug|Any CPU
		Release|Any CPU = Release|Any CPU
	EndGlobalSection
	GlobalSection(ProjectConfigurationPlatforms) = postSolution
		{31C026DA-D0D7-42E9-8E2C-3CF413A33960}.Debug|Any CPU.ActiveCfg = Debug|Any CPU
		{31C026DA-D0D7-42E9-8E2C-3CF413A33960}.Debug|Any CPU.Build.0 = Debug|Any CPU
		{31C026DA-D0D7-42E9-8E2C-3CF413A33960}.Release|Any CPU.ActiveCfg = Release|Any CPU
		{31C026DA-D0D7-42E9-8E2C-3CF413A33960}.Release|Any CPU.Build.0 = Release|Any CPU
	EndGlobalSection
	GlobalSection(SolutionProperties) = preSolution
		HideSolutionNode = FALSE
	EndGlobalSection
	GlobalSection(ExtensibilityGlobals) = postSolution
		SolutionGuid = {1FA1637F-3FF3-4909-AD1F-554B2D3C1866}
	EndGlobalSection
EndGlobal
